
Microsoft Visual Studio Solution File, Format Version 12.00
# Visual Studio 15
VisualStudioVersion = 15.0.28010.2050
MinimumVisualStudioVersion = 10.0.40219.1
Project("{9A19103F-16F7-4668-BE54-9A1E7A4F7556}") = "Project", "Project\Project.csproj", "{8BDEC2DF-3D48-4FB7-9BCE-6EFF24AB74F1}"
EndProject
Project("{9A19103F-16F7-4668-BE54-9A1E7A4F7556}") = "Project.Plumbing", "Project.Plumbing\Project.Plumbing.csproj", "{921149FC-E6CE-4929-89CC-9AFF39A2554A}"
EndProject
Project("{9A19103F-16F7-4668-BE54-9A1E7A4F7556}") = "Project.Data", "Project.Data\Project.Data.csproj", "{C5AD8064-A519-4160-BEBB-A346709FE9C2}"
EndProject
Project("{9A19103F-16F7-4668-BE54-9A1E7A4F7556}") = "Project.Models", "Project.Models\Project.Models.csproj", "{A8EE69B4-4B0F-408D-8330-BF7307870F40}"
EndProject
Project("{9A19103F-16F7-4668-BE54-9A1E7A4F7556}") = "Project.Services", "Project.Services\Project.Services.csproj", "{5423ABD7-9337-4DDD-9E6A-1F400155802B}"
EndProject
Project("{FAE04EC0-301F-11D3-BF4B-00C04F79EFBC}") = "Project.Common", "Project.Common\Project.Common.csproj", "{B63910CB-3DB5-4446-B1DF-16901561FF96}"
EndProject
Global
	GlobalSection(SolutionConfigurationPlatforms) = preSolution
		Debug|Any CPU = Debug|Any CPU
		Release|Any CPU = Release|Any CPU
	EndGlobalSection
	GlobalSection(ProjectConfigurationPlatforms) = postSolution
		{8BDEC2DF-3D48-4FB7-9BCE-6EFF24AB74F1}.Debug|Any CPU.ActiveCfg = Debug|Any CPU
		{8BDEC2DF-3D48-4FB7-9BCE-6EFF24AB74F1}.Debug|Any CPU.Build.0 = Debug|Any CPU
		{8BDEC2DF-3D48-4FB7-9BCE-6EFF24AB74F1}.Release|Any CPU.ActiveCfg = Release|Any CPU
		{8BDEC2DF-3D48-4FB7-9BCE-6EFF24AB74F1}.Release|Any CPU.Build.0 = Release|Any CPU
		{921149FC-E6CE-4929-89CC-9AFF39A2554A}.Debug|Any CPU.ActiveCfg = Debug|Any CPU
		{921149FC-E6CE-4929-89CC-9AFF39A2554A}.Debug|Any CPU.Build.0 = Debug|Any CPU
		{921149FC-E6CE-4929-89CC-9AFF39A2554A}.Release|Any CPU.ActiveCfg = Release|Any CPU
		{921149FC-E6CE-4929-89CC-9AFF39A2554A}.Release|Any CPU.Build.0 = Release|Any CPU
		{C5AD8064-A519-4160-BEBB-A346709FE9C2}.Debug|Any CPU.ActiveCfg = Debug|Any CPU
		{C5AD8064-A519-4160-BEBB-A346709FE9C2}.Debug|Any CPU.Build.0 = Debug|Any CPU
		{C5AD8064-A519-4160-BEBB-A346709FE9C2}.Release|Any CPU.ActiveCfg = Release|Any CPU
		{C5AD8064-A519-4160-BEBB-A346709FE9C2}.Release|Any CPU.Build.0 = Release|Any CPU
		{A8EE69B4-4B0F-408D-8330-BF7307870F40}.Debug|Any CPU.ActiveCfg = Debug|Any CPU
		{A8EE69B4-4B0F-408D-8330-BF7307870F40}.Debug|Any CPU.Build.0 = Debug|Any CPU
		{A8EE69B4-4B0F-408D-8330-BF7307870F40}.Release|Any CPU.ActiveCfg = Release|Any CPU
		{A8EE69B4-4B0F-408D-8330-BF7307870F40}.Release|Any CPU.Build.0 = Release|Any CPU
		{5423ABD7-9337-4DDD-9E6A-1F400155802B}.Debug|Any CPU.ActiveCfg = Debug|Any CPU
		{5423ABD7-9337-4DDD-9E6A-1F400155802B}.Debug|Any CPU.Build.0 = Debug|Any CPU
		{5423ABD7-9337-4DDD-9E6A-1F400155802B}.Release|Any CPU.ActiveCfg = Release|Any CPU
		{5423ABD7-9337-4DDD-9E6A-1F400155802B}.Release|Any CPU.Build.0 = Release|Any CPU
		{B63910CB-3DB5-4446-B1DF-16901561FF96}.Debug|Any CPU.ActiveCfg = Debug|Any CPU
		{B63910CB-3DB5-4446-B1DF-16901561FF96}.Debug|Any CPU.Build.0 = Debug|Any CPU
		{B63910CB-3DB5-4446-B1DF-16901561FF96}.Release|Any CPU.ActiveCfg = Release|Any CPU
		{B63910CB-3DB5-4446-B1DF-16901561FF96}.Release|Any CPU.Build.0 = Release|Any CPU
	EndGlobalSection
	GlobalSection(SolutionProperties) = preSolution
		HideSolutionNode = FALSE
	EndGlobalSection
	GlobalSection(ExtensibilityGlobals) = postSolution
		SolutionGuid = {A35F449D-56EB-4F5B-A0E5-6E6182BF1D74}
	EndGlobalSection
EndGlobal
